
Microsoft Visual Studio Solution File, Format Version 12.00
# Visual Studio Version 16
VisualStudioVersion = 16.0.30320.27
MinimumVisualStudioVersion = 10.0.40219.1
Project("{FAE04EC0-301F-11D3-BF4B-00C04F79EFBC}") = "KSP", "KSP\KSP.csproj", "{C0DE006F-86B2-466E-B82C-11FD7EC035A2}"
EndProject
Project("{00D1A9C2-B5F0-4AF3-8072-F6C62B433612}") = "KSPBD", "KSPBD\KSPBD.sqlproj", "{BC7C3A13-EFDB-4898-89D7-CF82B809D91D}"
EndProject
Global
	GlobalSection(SolutionConfigurationPlatforms) = preSolution
		Debug|Any CPU = Debug|Any CPU
		Release|Any CPU = Release|Any CPU
	EndGlobalSection
	GlobalSection(ProjectConfigurationPlatforms) = postSolution
		{C0DE006F-86B2-466E-B82C-11FD7EC035A2}.Debug|Any CPU.ActiveCfg = Debug|Any CPU
		{C0DE006F-86B2-466E-B82C-11FD7EC035A2}.Debug|Any CPU.Build.0 = Debug|Any CPU
		{C0DE006F-86B2-466E-B82C-11FD7EC035A2}.Release|Any CPU.ActiveCfg = Release|Any CPU
		{C0DE006F-86B2-466E-B82C-11FD7EC035A2}.Release|Any CPU.Build.0 = Release|Any CPU
		{BC7C3A13-EFDB-4898-89D7-CF82B809D91D}.Debug|Any CPU.ActiveCfg = Debug|Any CPU
		{BC7C3A13-EFDB-4898-89D7-CF82B809D91D}.Debug|Any CPU.Build.0 = Debug|Any CPU
		{BC7C3A13-EFDB-4898-89D7-CF82B809D91D}.Debug|Any CPU.Deploy.0 = Debug|Any CPU
		{BC7C3A13-EFDB-4898-89D7-CF82B809D91D}.Release|Any CPU.ActiveCfg = Release|Any CPU
		{BC7C3A13-EFDB-4898-89D7-CF82B809D91D}.Release|Any CPU.Build.0 = Release|Any CPU
		{BC7C3A13-EFDB-4898-89D7-CF82B809D91D}.Release|Any CPU.Deploy.0 = Release|Any CPU
	EndGlobalSection
	GlobalSection(SolutionProperties) = preSolution
		HideSolutionNode = FALSE
	EndGlobalSection
	GlobalSection(ExtensibilityGlobals) = postSolution
		SolutionGuid = {C8748DB6-F3E5-4E17-93E5-123BCA593D96}
	EndGlobalSection
EndGlobal
